
Microsoft Visual Studio Solution File, Format Version 12.00
# Visual Studio Version 16
VisualStudioVersion = 16.0.29613.14
MinimumVisualStudioVersion = 10.0.40219.1
Project("{FAE04EC0-301F-11D3-BF4B-00C04F79EFBC}") = "WPF 13 - Radio Button", "WPF 13 - Radio Button\WPF 13 - Radio Button.csproj", "{605309A4-03E7-4E8F-88B9-38639D8B8249}"
EndProject
Global
	GlobalSection(SolutionConfigurationPlatforms) = preSolution
		Debug|Any CPU = Debug|Any CPU
		Release|Any CPU = Release|Any CPU
	EndGlobalSection
	GlobalSection(ProjectConfigurationPlatforms) = postSolution
		{605309A4-03E7-4E8F-88B9-38639D8B8249}.Debug|Any CPU.ActiveCfg = Debug|Any CPU
		{605309A4-03E7-4E8F-88B9-38639D8B8249}.Debug|Any CPU.Build.0 = Debug|Any CPU
		{605309A4-03E7-4E8F-88B9-38639D8B8249}.Release|Any CPU.ActiveCfg = Release|Any CPU
		{605309A4-03E7-4E8F-88B9-38639D8B8249}.Release|Any CPU.Build.0 = Release|Any CPU
	EndGlobalSection
	GlobalSection(SolutionProperties) = preSolution
		HideSolutionNode = FALSE
	EndGlobalSection
	GlobalSection(ExtensibilityGlobals) = postSolution
		SolutionGuid = {7B30FDFE-5066-4F20-A306-FA2D71864142}
	EndGlobalSection
EndGlobal
