
Microsoft Visual Studio Solution File, Format Version 12.00
# Visual Studio Version 16
VisualStudioVersion = 16.0.29613.14
MinimumVisualStudioVersion = 10.0.40219.1
Project("{FAE04EC0-301F-11D3-BF4B-00C04F79EFBC}") = "BookListRazor", "BookListRazor\BookListRazor.csproj", "{CD7FE7D1-0490-42A2-B154-A6FD27DCCAF2}"
EndProject
Global
	GlobalSection(SolutionConfigurationPlatforms) = preSolution
		Debug|Any CPU = Debug|Any CPU
		Release|Any CPU = Release|Any CPU
	EndGlobalSection
	GlobalSection(ProjectConfigurationPlatforms) = postSolution
		{CD7FE7D1-0490-42A2-B154-A6FD27DCCAF2}.Debug|Any CPU.ActiveCfg = Debug|Any CPU
		{CD7FE7D1-0490-42A2-B154-A6FD27DCCAF2}.Debug|Any CPU.Build.0 = Debug|Any CPU
		{CD7FE7D1-0490-42A2-B154-A6FD27DCCAF2}.Release|Any CPU.ActiveCfg = Release|Any CPU
		{CD7FE7D1-0490-42A2-B154-A6FD27DCCAF2}.Release|Any CPU.Build.0 = Release|Any CPU
	EndGlobalSection
	GlobalSection(SolutionProperties) = preSolution
		HideSolutionNode = FALSE
	EndGlobalSection
	GlobalSection(ExtensibilityGlobals) = postSolution
		SolutionGuid = {229C0C45-1C8A-4B1B-96DC-CAAD8B79D755}
	EndGlobalSection
EndGlobal
